// !$*UTF8*$!
{
	archiveVersion = 1;
	classes = {
	};
	objectVersion = 56;
	objects = {

/* Begin PBXBuildFile section */
		0D2A11E42B4184C800049A7C /* MapCaptionView.swift in Sources */ = {isa = PBXBuildFile; fileRef = 0D2A11E32B4184C800049A7C /* MapCaptionView.swift */; };
		0D2A11E62B419D6F00049A7C /* AttractionLinksView.swift in Sources */ = {isa = PBXBuildFile; fileRef = 0D2A11E52B419D6F00049A7C /* AttractionLinksView.swift */; };
		0D2E34132B3E7DE000105328 /* CompletionView.swift in Sources */ = {isa = PBXBuildFile; fileRef = 0D2E34122B3E7DE000105328 /* CompletionView.swift */; };
		0D2E34152B3E887500105328 /* AddressView.swift in Sources */ = {isa = PBXBuildFile; fileRef = 0D2E34142B3E887500105328 /* AddressView.swift */; };
		0D3EEC082B3D20E0003DFEF7 /* MapLookAroundView.swift in Sources */ = {isa = PBXBuildFile; fileRef = 0D3EEC072B3D20E0003DFEF7 /* MapLookAroundView.swift */; };
		0D3EEC0A2B3D312C003DFEF7 /* MapRouteView.swift in Sources */ = {isa = PBXBuildFile; fileRef = 0D3EEC092B3D312C003DFEF7 /* MapRouteView.swift */; };
		0D3EEC0C2B3D3A99003DFEF7 /* LocationManager.swift in Sources */ = {isa = PBXBuildFile; fileRef = 0D3EEC0B2B3D3A99003DFEF7 /* LocationManager.swift */; };
		0D3EEC102B3D9131003DFEF7 /* MapView.swift in Sources */ = {isa = PBXBuildFile; fileRef = 0D3EEC0F2B3D9131003DFEF7 /* MapView.swift */; };
		0D3EEC122B3D9445003DFEF7 /* ListTileView.swift in Sources */ = {isa = PBXBuildFile; fileRef = 0D3EEC112B3D9445003DFEF7 /* ListTileView.swift */; };
		0D3EEC142B3DA1A8003DFEF7 /* Extensions.swift in Sources */ = {isa = PBXBuildFile; fileRef = 0D3EEC132B3DA1A8003DFEF7 /* Extensions.swift */; };
		0D3EEC162B3DA2AB003DFEF7 /* CompletionData.swift in Sources */ = {isa = PBXBuildFile; fileRef = 0D3EEC152B3DA2AB003DFEF7 /* CompletionData.swift */; };
		0D471F432B3AA386000899A0 /* where2goOzApp.swift in Sources */ = {isa = PBXBuildFile; fileRef = 0D471F422B3AA386000899A0 /* where2goOzApp.swift */; };
		0D471F452B3AA386000899A0 /* ListView.swift in Sources */ = {isa = PBXBuildFile; fileRef = 0D471F442B3AA386000899A0 /* ListView.swift */; };
		0D471F492B3AA387000899A0 /* Assets.xcassets in Resources */ = {isa = PBXBuildFile; fileRef = 0D471F482B3AA387000899A0 /* Assets.xcassets */; };
		0D471F4C2B3AA387000899A0 /* Preview Assets.xcassets in Resources */ = {isa = PBXBuildFile; fileRef = 0D471F4B2B3AA387000899A0 /* Preview Assets.xcassets */; };
		0D471F552B3AA40F000899A0 /* Attraction.swift in Sources */ = {isa = PBXBuildFile; fileRef = 0D471F542B3AA40F000899A0 /* Attraction.swift */; };
		0D471F592B3AAF1A000899A0 /* AttractionType.swift in Sources */ = {isa = PBXBuildFile; fileRef = 0D471F582B3AAF1A000899A0 /* AttractionType.swift */; };
		0D471F5B2B3ABDC8000899A0 /* AttractionView.swift in Sources */ = {isa = PBXBuildFile; fileRef = 0D471F5A2B3ABDC8000899A0 /* AttractionView.swift */; };
		0D82AC702B4119B5005EBD31 /* MapAttractionPin.swift in Sources */ = {isa = PBXBuildFile; fileRef = 0D82AC6F2B4119B5005EBD31 /* MapAttractionPin.swift */; };
		0D98ED752B45666B002871EE /* FilterSheetView.swift in Sources */ = {isa = PBXBuildFile; fileRef = 0D98ED742B45666B002871EE /* FilterSheetView.swift */; };
		0D98ED772B4566AC002871EE /* Enums.swift in Sources */ = {isa = PBXBuildFile; fileRef = 0D98ED762B4566AC002871EE /* Enums.swift */; };
		0DB56FDC2B403C9D00A73BAA /* MainView.swift in Sources */ = {isa = PBXBuildFile; fileRef = 0DB56FDB2B403C9D00A73BAA /* MainView.swift */; };
		0DB56FE12B40456500A73BAA /* AttractionImageIconView.swift in Sources */ = {isa = PBXBuildFile; fileRef = 0DB56FE02B40456500A73BAA /* AttractionImageIconView.swift */; };
		0DB56FE32B4050B100A73BAA /* AttractionSummaryView.swift in Sources */ = {isa = PBXBuildFile; fileRef = 0DB56FE22B4050B100A73BAA /* AttractionSummaryView.swift */; };
/* End PBXBuildFile section */

/* Begin PBXFileReference section */
		0D2A11E32B4184C800049A7C /* MapCaptionView.swift */ = {isa = PBXFileReference; lastKnownFileType = sourcecode.swift; path = MapCaptionView.swift; sourceTree = "<group>"; };
		0D2A11E52B419D6F00049A7C /* AttractionLinksView.swift */ = {isa = PBXFileReference; lastKnownFileType = sourcecode.swift; path = AttractionLinksView.swift; sourceTree = "<group>"; };
		0D2E34122B3E7DE000105328 /* CompletionView.swift */ = {isa = PBXFileReference; lastKnownFileType = sourcecode.swift; path = CompletionView.swift; sourceTree = "<group>"; };
		0D2E34142B3E887500105328 /* AddressView.swift */ = {isa = PBXFileReference; lastKnownFileType = sourcecode.swift; path = AddressView.swift; sourceTree = "<group>"; };
		0D3EEC072B3D20E0003DFEF7 /* MapLookAroundView.swift */ = {isa = PBXFileReference; lastKnownFileType = sourcecode.swift; path = MapLookAroundView.swift; sourceTree = "<group>"; };
		0D3EEC092B3D312C003DFEF7 /* MapRouteView.swift */ = {isa = PBXFileReference; lastKnownFileType = sourcecode.swift; path = MapRouteView.swift; sourceTree = "<group>"; };
		0D3EEC0B2B3D3A99003DFEF7 /* LocationManager.swift */ = {isa = PBXFileReference; lastKnownFileType = sourcecode.swift; path = LocationManager.swift; sourceTree = "<group>"; };
		0D3EEC0F2B3D9131003DFEF7 /* MapView.swift */ = {isa = PBXFileReference; lastKnownFileType = sourcecode.swift; path = MapView.swift; sourceTree = "<group>"; };
		0D3EEC112B3D9445003DFEF7 /* ListTileView.swift */ = {isa = PBXFileReference; lastKnownFileType = sourcecode.swift; path = ListTileView.swift; sourceTree = "<group>"; };
		0D3EEC132B3DA1A8003DFEF7 /* Extensions.swift */ = {isa = PBXFileReference; lastKnownFileType = sourcecode.swift; path = Extensions.swift; sourceTree = "<group>"; };
		0D3EEC152B3DA2AB003DFEF7 /* CompletionData.swift */ = {isa = PBXFileReference; lastKnownFileType = sourcecode.swift; path = CompletionData.swift; sourceTree = "<group>"; };
		0D471F3F2B3AA386000899A0 /* where2goOz.app */ = {isa = PBXFileReference; explicitFileType = wrapper.application; includeInIndex = 0; path = where2goOz.app; sourceTree = BUILT_PRODUCTS_DIR; };
		0D471F422B3AA386000899A0 /* where2goOzApp.swift */ = {isa = PBXFileReference; lastKnownFileType = sourcecode.swift; path = where2goOzApp.swift; sourceTree = "<group>"; };
		0D471F442B3AA386000899A0 /* ListView.swift */ = {isa = PBXFileReference; lastKnownFileType = sourcecode.swift; path = ListView.swift; sourceTree = "<group>"; };
		0D471F482B3AA387000899A0 /* Assets.xcassets */ = {isa = PBXFileReference; lastKnownFileType = folder.assetcatalog; path = Assets.xcassets; sourceTree = "<group>"; };
		0D471F4B2B3AA387000899A0 /* Preview Assets.xcassets */ = {isa = PBXFileReference; lastKnownFileType = folder.assetcatalog; path = "Preview Assets.xcassets"; sourceTree = "<group>"; };
		0D471F4D2B3AA387000899A0 /* where2goOz.entitlements */ = {isa = PBXFileReference; lastKnownFileType = text.plist.entitlements; path = where2goOz.entitlements; sourceTree = "<group>"; };
		0D471F4E2B3AA387000899A0 /* Info.plist */ = {isa = PBXFileReference; lastKnownFileType = text.plist.xml; path = Info.plist; sourceTree = "<group>"; };
		0D471F542B3AA40F000899A0 /* Attraction.swift */ = {isa = PBXFileReference; lastKnownFileType = sourcecode.swift; path = Attraction.swift; sourceTree = "<group>"; };
		0D471F582B3AAF1A000899A0 /* AttractionType.swift */ = {isa = PBXFileReference; lastKnownFileType = sourcecode.swift; path = AttractionType.swift; sourceTree = "<group>"; };
		0D471F5A2B3ABDC8000899A0 /* AttractionView.swift */ = {isa = PBXFileReference; lastKnownFileType = sourcecode.swift; path = AttractionView.swift; sourceTree = "<group>"; };
		0D82AC6F2B4119B5005EBD31 /* MapAttractionPin.swift */ = {isa = PBXFileReference; lastKnownFileType = sourcecode.swift; path = MapAttractionPin.swift; sourceTree = "<group>"; };
		0D98ED742B45666B002871EE /* FilterSheetView.swift */ = {isa = PBXFileReference; lastKnownFileType = sourcecode.swift; path = FilterSheetView.swift; sourceTree = "<group>"; };
		0D98ED762B4566AC002871EE /* Enums.swift */ = {isa = PBXFileReference; lastKnownFileType = sourcecode.swift; path = Enums.swift; sourceTree = "<group>"; };
		0DB56FDB2B403C9D00A73BAA /* MainView.swift */ = {isa = PBXFileReference; fileEncoding = 4; lastKnownFileType = sourcecode.swift; name = MainView.swift; path = where2goOz/MainView.swift; sourceTree = SOURCE_ROOT; };
		0DB56FE02B40456500A73BAA /* AttractionImageIconView.swift */ = {isa = PBXFileReference; lastKnownFileType = sourcecode.swift; path = AttractionImageIconView.swift; sourceTree = "<group>"; };
		0DB56FE22B4050B100A73BAA /* AttractionSummaryView.swift */ = {isa = PBXFileReference; lastKnownFileType = sourcecode.swift; path = AttractionSummaryView.swift; sourceTree = "<group>"; };
/* End PBXFileReference section */

/* Begin PBXFrameworksBuildPhase section */
		0D471F3C2B3AA386000899A0 /* Frameworks */ = {
			isa = PBXFrameworksBuildPhase;
			buildActionMask = 2147483647;
			files = (
			);
			runOnlyForDeploymentPostprocessing = 0;
		};
/* End PBXFrameworksBuildPhase section */

/* Begin PBXGroup section */
		0D471F362B3AA386000899A0 = {
			isa = PBXGroup;
			children = (
				0D471F412B3AA386000899A0 /* where2goOz */,
				0D471F402B3AA386000899A0 /* Products */,
			);
			sourceTree = "<group>";
		};
		0D471F402B3AA386000899A0 /* Products */ = {
			isa = PBXGroup;
			children = (
				0D471F3F2B3AA386000899A0 /* where2goOz.app */,
			);
			name = Products;
			sourceTree = "<group>";
		};
		0D471F412B3AA386000899A0 /* where2goOz */ = {
			isa = PBXGroup;
			children = (
				0D471F422B3AA386000899A0 /* where2goOzApp.swift */,
				0D82AC6E2B41171F005EBD31 /* Models */,
				0DB302272B403B8A00EB1A31 /* Views */,
				0D3EEC0B2B3D3A99003DFEF7 /* LocationManager.swift */,
				0D3EEC132B3DA1A8003DFEF7 /* Extensions.swift */,
				0D471F482B3AA387000899A0 /* Assets.xcassets */,
				0D471F4D2B3AA387000899A0 /* where2goOz.entitlements */,
				0D471F4E2B3AA387000899A0 /* Info.plist */,
				0D471F4A2B3AA387000899A0 /* Preview Content */,
			);
			path = where2goOz;
			sourceTree = "<group>";
		};
		0D471F4A2B3AA387000899A0 /* Preview Content */ = {
			isa = PBXGroup;
			children = (
				0D471F4B2B3AA387000899A0 /* Preview Assets.xcassets */,
			);
			path = "Preview Content";
			sourceTree = "<group>";
		};
		0D82AC6B2B4116E8005EBD31 /* List */ = {
			isa = PBXGroup;
			children = (
				0D471F442B3AA386000899A0 /* ListView.swift */,
				0D3EEC112B3D9445003DFEF7 /* ListTileView.swift */,
			);
			path = List;
			sourceTree = "<group>";
		};
		0D82AC6C2B4116F5005EBD31 /* Map */ = {
			isa = PBXGroup;
			children = (
				0D3EEC0F2B3D9131003DFEF7 /* MapView.swift */,
				0D82AC6F2B4119B5005EBD31 /* MapAttractionPin.swift */,
				0D2A11E32B4184C800049A7C /* MapCaptionView.swift */,
			);
			path = Map;
			sourceTree = "<group>";
		};
		0D82AC6D2B4116FE005EBD31 /* Attraction */ = {
			isa = PBXGroup;
			children = (
				0D471F5A2B3ABDC8000899A0 /* AttractionView.swift */,
				0D2A11E52B419D6F00049A7C /* AttractionLinksView.swift */,
				0D2E34142B3E887500105328 /* AddressView.swift */,
				0D3EEC092B3D312C003DFEF7 /* MapRouteView.swift */,
				0D3EEC072B3D20E0003DFEF7 /* MapLookAroundView.swift */,
			);
			path = Attraction;
			sourceTree = "<group>";
		};
		0D82AC6E2B41171F005EBD31 /* Models */ = {
			isa = PBXGroup;
			children = (
				0D471F542B3AA40F000899A0 /* Attraction.swift */,
				0D471F582B3AAF1A000899A0 /* AttractionType.swift */,
				0D3EEC152B3DA2AB003DFEF7 /* CompletionData.swift */,
				0D98ED762B4566AC002871EE /* Enums.swift */,
			);
			path = Models;
			sourceTree = "<group>";
		};
		0DB302272B403B8A00EB1A31 /* Views */ = {
			isa = PBXGroup;
			children = (
				0D82AC6D2B4116FE005EBD31 /* Attraction */,
				0D82AC6C2B4116F5005EBD31 /* Map */,
				0D82AC6B2B4116E8005EBD31 /* List */,
				0DB56FDF2B40451E00A73BAA /* Components */,
				0DB56FDB2B403C9D00A73BAA /* MainView.swift */,
				0D2E34122B3E7DE000105328 /* CompletionView.swift */,
			);
			name = Views;
			path = "New Group";
			sourceTree = "<group>";
		};
		0DB56FDF2B40451E00A73BAA /* Components */ = {
			isa = PBXGroup;
			children = (
				0DB56FE22B4050B100A73BAA /* AttractionSummaryView.swift */,
				0DB56FE02B40456500A73BAA /* AttractionImageIconView.swift */,
				0D98ED742B45666B002871EE /* FilterSheetView.swift */,
			);
			path = Components;
			sourceTree = "<group>";
		};
/* End PBXGroup section */

/* Begin PBXNativeTarget section */
		0D471F3E2B3AA386000899A0 /* where2goOz */ = {
			isa = PBXNativeTarget;
			buildConfigurationList = 0D471F512B3AA387000899A0 /* Build configuration list for PBXNativeTarget "where2goOz" */;
			buildPhases = (
				0D471F3B2B3AA386000899A0 /* Sources */,
				0D471F3C2B3AA386000899A0 /* Frameworks */,
				0D471F3D2B3AA386000899A0 /* Resources */,
			);
			buildRules = (
			);
			dependencies = (
			);
			name = where2goOz;
			productName = where2goOz;
			productReference = 0D471F3F2B3AA386000899A0 /* where2goOz.app */;
			productType = "com.apple.product-type.application";
		};
/* End PBXNativeTarget section */

/* Begin PBXProject section */
		0D471F372B3AA386000899A0 /* Project object */ = {
			isa = PBXProject;
			attributes = {
				BuildIndependentTargetsInParallel = 1;
				LastSwiftUpdateCheck = 1510;
				LastUpgradeCheck = 1510;
				TargetAttributes = {
					0D471F3E2B3AA386000899A0 = {
						CreatedOnToolsVersion = 15.1;
					};
				};
			};
			buildConfigurationList = 0D471F3A2B3AA386000899A0 /* Build configuration list for PBXProject "where2goOz" */;
			compatibilityVersion = "Xcode 14.0";
			developmentRegion = en;
			hasScannedForEncodings = 0;
			knownRegions = (
				en,
				Base,
			);
			mainGroup = 0D471F362B3AA386000899A0;
			productRefGroup = 0D471F402B3AA386000899A0 /* Products */;
			projectDirPath = "";
			projectRoot = "";
			targets = (
				0D471F3E2B3AA386000899A0 /* where2goOz */,
			);
		};
/* End PBXProject section */

/* Begin PBXResourcesBuildPhase section */
		0D471F3D2B3AA386000899A0 /* Resources */ = {
			isa = PBXResourcesBuildPhase;
			buildActionMask = 2147483647;
			files = (
				0D471F4C2B3AA387000899A0 /* Preview Assets.xcassets in Resources */,
				0D471F492B3AA387000899A0 /* Assets.xcassets in Resources */,
			);
			runOnlyForDeploymentPostprocessing = 0;
		};
/* End PBXResourcesBuildPhase section */

/* Begin PBXSourcesBuildPhase section */
		0D471F3B2B3AA386000899A0 /* Sources */ = {
			isa = PBXSourcesBuildPhase;
			buildActionMask = 2147483647;
			files = (
				0D2E34132B3E7DE000105328 /* CompletionView.swift in Sources */,
				0D471F552B3AA40F000899A0 /* Attraction.swift in Sources */,
				0D471F592B3AAF1A000899A0 /* AttractionType.swift in Sources */,
				0D3EEC162B3DA2AB003DFEF7 /* CompletionData.swift in Sources */,
				0D471F452B3AA386000899A0 /* ListView.swift in Sources */,
				0D2A11E42B4184C800049A7C /* MapCaptionView.swift in Sources */,
				0D471F432B3AA386000899A0 /* where2goOzApp.swift in Sources */,
				0D3EEC0A2B3D312C003DFEF7 /* MapRouteView.swift in Sources */,
				0DB56FE32B4050B100A73BAA /* AttractionSummaryView.swift in Sources */,
				0D471F5B2B3ABDC8000899A0 /* AttractionView.swift in Sources */,
				0D98ED772B4566AC002871EE /* Enums.swift in Sources */,
				0DB56FDC2B403C9D00A73BAA /* MainView.swift in Sources */,
				0D3EEC142B3DA1A8003DFEF7 /* Extensions.swift in Sources */,
				0D2A11E62B419D6F00049A7C /* AttractionLinksView.swift in Sources */,
				0D82AC702B4119B5005EBD31 /* MapAttractionPin.swift in Sources */,
				0D3EEC122B3D9445003DFEF7 /* ListTileView.swift in Sources */,
				0D3EEC102B3D9131003DFEF7 /* MapView.swift in Sources */,
				0D98ED752B45666B002871EE /* FilterSheetView.swift in Sources */,
				0D3EEC082B3D20E0003DFEF7 /* MapLookAroundView.swift in Sources */,
				0DB56FE12B40456500A73BAA /* AttractionImageIconView.swift in Sources */,
				0D3EEC0C2B3D3A99003DFEF7 /* LocationManager.swift in Sources */,
				0D2E34152B3E887500105328 /* AddressView.swift in Sources */,
			);
			runOnlyForDeploymentPostprocessing = 0;
		};
/* End PBXSourcesBuildPhase section */

/* Begin XCBuildConfiguration section */
		0D471F4F2B3AA387000899A0 /* Debug */ = {
			isa = XCBuildConfiguration;
			buildSettings = {
				ALWAYS_SEARCH_USER_PATHS = NO;
				ASSETCATALOG_COMPILER_GENERATE_SWIFT_ASSET_SYMBOL_EXTENSIONS = YES;
				CLANG_ANALYZER_NONNULL = YES;
				CLANG_ANALYZER_NUMBER_OBJECT_CONVERSION = YES_AGGRESSIVE;
				CLANG_CXX_LANGUAGE_STANDARD = "gnu++20";
				CLANG_ENABLE_MODULES = YES;
				CLANG_ENABLE_OBJC_ARC = YES;
				CLANG_ENABLE_OBJC_WEAK = YES;
				CLANG_WARN_BLOCK_CAPTURE_AUTORELEASING = YES;
				CLANG_WARN_BOOL_CONVERSION = YES;
				CLANG_WARN_COMMA = YES;
				CLANG_WARN_CONSTANT_CONVERSION = YES;
				CLANG_WARN_DEPRECATED_OBJC_IMPLEMENTATIONS = YES;
				CLANG_WARN_DIRECT_OBJC_ISA_USAGE = YES_ERROR;
				CLANG_WARN_DOCUMENTATION_COMMENTS = YES;
				CLANG_WARN_EMPTY_BODY = YES;
				CLANG_WARN_ENUM_CONVERSION = YES;
				CLANG_WARN_INFINITE_RECURSION = YES;
				CLANG_WARN_INT_CONVERSION = YES;
				CLANG_WARN_NON_LITERAL_NULL_CONVERSION = YES;
				CLANG_WARN_OBJC_IMPLICIT_RETAIN_SELF = YES;
				CLANG_WARN_OBJC_LITERAL_CONVERSION = YES;
				CLANG_WARN_OBJC_ROOT_CLASS = YES_ERROR;
				CLANG_WARN_QUOTED_INCLUDE_IN_FRAMEWORK_HEADER = YES;
				CLANG_WARN_RANGE_LOOP_ANALYSIS = YES;
				CLANG_WARN_STRICT_PROTOTYPES = YES;
				CLANG_WARN_SUSPICIOUS_MOVE = YES;
				CLANG_WARN_UNGUARDED_AVAILABILITY = YES_AGGRESSIVE;
				CLANG_WARN_UNREACHABLE_CODE = YES;
				CLANG_WARN__DUPLICATE_METHOD_MATCH = YES;
				COPY_PHASE_STRIP = NO;
				DEBUG_INFORMATION_FORMAT = dwarf;
				ENABLE_STRICT_OBJC_MSGSEND = YES;
				ENABLE_TESTABILITY = YES;
				ENABLE_USER_SCRIPT_SANDBOXING = YES;
				GCC_C_LANGUAGE_STANDARD = gnu17;
				GCC_DYNAMIC_NO_PIC = NO;
				GCC_NO_COMMON_BLOCKS = YES;
				GCC_OPTIMIZATION_LEVEL = 0;
				GCC_PREPROCESSOR_DEFINITIONS = (
					"DEBUG=1",
					"$(inherited)",
				);
				GCC_WARN_64_TO_32_BIT_CONVERSION = YES;
				GCC_WARN_ABOUT_RETURN_TYPE = YES_ERROR;
				GCC_WARN_UNDECLARED_SELECTOR = YES;
				GCC_WARN_UNINITIALIZED_AUTOS = YES_AGGRESSIVE;
				GCC_WARN_UNUSED_FUNCTION = YES;
				GCC_WARN_UNUSED_VARIABLE = YES;
				IPHONEOS_DEPLOYMENT_TARGET = 17.2;
				LOCALIZATION_PREFERS_STRING_CATALOGS = YES;
				MTL_ENABLE_DEBUG_INFO = INCLUDE_SOURCE;
				MTL_FAST_MATH = YES;
				ONLY_ACTIVE_ARCH = YES;
				SDKROOT = iphoneos;
				SWIFT_ACTIVE_COMPILATION_CONDITIONS = "DEBUG $(inherited)";
				SWIFT_OPTIMIZATION_LEVEL = "-Onone";
			};
			name = Debug;
		};
		0D471F502B3AA387000899A0 /* Release */ = {
			isa = XCBuildConfiguration;
			buildSettings = {
				ALWAYS_SEARCH_USER_PATHS = NO;
				ASSETCATALOG_COMPILER_GENERATE_SWIFT_ASSET_SYMBOL_EXTENSIONS = YES;
				CLANG_ANALYZER_NONNULL = YES;
				CLANG_ANALYZER_NUMBER_OBJECT_CONVERSION = YES_AGGRESSIVE;
				CLANG_CXX_LANGUAGE_STANDARD = "gnu++20";
				CLANG_ENABLE_MODULES = YES;
				CLANG_ENABLE_OBJC_ARC = YES;
				CLANG_ENABLE_OBJC_WEAK = YES;
				CLANG_WARN_BLOCK_CAPTURE_AUTORELEASING = YES;
				CLANG_WARN_BOOL_CONVERSION = YES;
				CLANG_WARN_COMMA = YES;
				CLANG_WARN_CONSTANT_CONVERSION = YES;
				CLANG_WARN_DEPRECATED_OBJC_IMPLEMENTATIONS = YES;
				CLANG_WARN_DIRECT_OBJC_ISA_USAGE = YES_ERROR;
				CLANG_WARN_DOCUMENTATION_COMMENTS = YES;
				CLANG_WARN_EMPTY_BODY = YES;
				CLANG_WARN_ENUM_CONVERSION = YES;
				CLANG_WARN_INFINITE_RECURSION = YES;
				CLANG_WARN_INT_CONVERSION = YES;
				CLANG_WARN_NON_LITERAL_NULL_CONVERSION = YES;
				CLANG_WARN_OBJC_IMPLICIT_RETAIN_SELF = YES;
				CLANG_WARN_OBJC_LITERAL_CONVERSION = YES;
				CLANG_WARN_OBJC_ROOT_CLASS = YES_ERROR;
				CLANG_WARN_QUOTED_INCLUDE_IN_FRAMEWORK_HEADER = YES;
				CLANG_WARN_RANGE_LOOP_ANALYSIS = YES;
				CLANG_WARN_STRICT_PROTOTYPES = YES;
				CLANG_WARN_SUSPICIOUS_MOVE = YES;
				CLANG_WARN_UNGUARDED_AVAILABILITY = YES_AGGRESSIVE;
				CLANG_WARN_UNREACHABLE_CODE = YES;
				CLANG_WARN__DUPLICATE_METHOD_MATCH = YES;
				COPY_PHASE_STRIP = NO;
				DEBUG_INFORMATION_FORMAT = "dwarf-with-dsym";
				ENABLE_NS_ASSERTIONS = NO;
				ENABLE_STRICT_OBJC_MSGSEND = YES;
				ENABLE_USER_SCRIPT_SANDBOXING = YES;
				GCC_C_LANGUAGE_STANDARD = gnu17;
				GCC_NO_COMMON_BLOCKS = YES;
				GCC_WARN_64_TO_32_BIT_CONVERSION = YES;
				GCC_WARN_ABOUT_RETURN_TYPE = YES_ERROR;
				GCC_WARN_UNDECLARED_SELECTOR = YES;
				GCC_WARN_UNINITIALIZED_AUTOS = YES_AGGRESSIVE;
				GCC_WARN_UNUSED_FUNCTION = YES;
				GCC_WARN_UNUSED_VARIABLE = YES;
				IPHONEOS_DEPLOYMENT_TARGET = 17.2;
				LOCALIZATION_PREFERS_STRING_CATALOGS = YES;
				MTL_ENABLE_DEBUG_INFO = NO;
				MTL_FAST_MATH = YES;
				SDKROOT = iphoneos;
				SWIFT_COMPILATION_MODE = wholemodule;
				VALIDATE_PRODUCT = YES;
			};
			name = Release;
		};
		0D471F522B3AA387000899A0 /* Debug */ = {
			isa = XCBuildConfiguration;
			buildSettings = {
				ASSETCATALOG_COMPILER_APPICON_NAME = AppIcon;
				ASSETCATALOG_COMPILER_GLOBAL_ACCENT_COLOR_NAME = AccentColor;
				CODE_SIGN_ENTITLEMENTS = where2goOz/where2goOz.entitlements;
				CODE_SIGN_STYLE = Automatic;
				CURRENT_PROJECT_VERSION = 1;
				DEVELOPMENT_ASSET_PATHS = "\"where2goOz/Preview Content\"";
				DEVELOPMENT_TEAM = 2343GB9YK5;
				ENABLE_PREVIEWS = YES;
				GENERATE_INFOPLIST_FILE = YES;
				INFOPLIST_FILE = where2goOz/Info.plist;
				INFOPLIST_KEY_LSApplicationCategoryType = "public.app-category.travel";
				INFOPLIST_KEY_NSLocationWhenInUseUsageDescription = "$(MARKETING_VERSION)";
				INFOPLIST_KEY_UIApplicationSceneManifest_Generation = YES;
				INFOPLIST_KEY_UIApplicationSupportsIndirectInputEvents = YES;
				INFOPLIST_KEY_UILaunchScreen_Generation = YES;
				INFOPLIST_KEY_UISupportedInterfaceOrientations = UIInterfaceOrientationPortrait;
				INFOPLIST_KEY_UISupportedInterfaceOrientations_iPad = "UIInterfaceOrientationLandscapeLeft UIInterfaceOrientationLandscapeRight UIInterfaceOrientationPortrait UIInterfaceOrientationPortraitUpsideDown";
				LD_RUNPATH_SEARCH_PATHS = (
					"$(inherited)",
					"@executable_path/Frameworks",
				);
				MARKETING_VERSION = 1.0;
				PRODUCT_BUNDLE_IDENTIFIER = au.com.ranchorelaxo.where2goOz;
				PRODUCT_NAME = "$(TARGET_NAME)";
				SUPPORTED_PLATFORMS = "iphoneos iphonesimulator";
				SUPPORTS_MACCATALYST = NO;
				SUPPORTS_MAC_DESIGNED_FOR_IPHONE_IPAD = NO;
				SWIFT_EMIT_LOC_STRINGS = YES;
				SWIFT_VERSION = 5.0;
				TARGETED_DEVICE_FAMILY = 1;
			};
			name = Debug;
		};
		0D471F532B3AA387000899A0 /* Release */ = {
			isa = XCBuildConfiguration;
			buildSettings = {
				ASSETCATALOG_COMPILER_APPICON_NAME = AppIcon;
				ASSETCATALOG_COMPILER_GLOBAL_ACCENT_COLOR_NAME = AccentColor;
				CODE_SIGN_ENTITLEMENTS = where2goOz/where2goOz.entitlements;
				CODE_SIGN_STYLE = Automatic;
				CURRENT_PROJECT_VERSION = 1;
				DEVELOPMENT_ASSET_PATHS = "\"where2goOz/Preview Content\"";
				DEVELOPMENT_TEAM = 2343GB9YK5;
				ENABLE_PREVIEWS = YES;
				GENERATE_INFOPLIST_FILE = YES;
				INFOPLIST_FILE = where2goOz/Info.plist;
				INFOPLIST_KEY_LSApplicationCategoryType = "public.app-category.travel";
				INFOPLIST_KEY_NSLocationWhenInUseUsageDescription = "$(MARKETING_VERSION)";
				INFOPLIST_KEY_UIApplicationSceneManifest_Generation = YES;
				INFOPLIST_KEY_UIApplicationSupportsIndirectInputEvents = YES;
				INFOPLIST_KEY_UILaunchScreen_Generation = YES;
				INFOPLIST_KEY_UISupportedInterfaceOrientations = UIInterfaceOrientationPortrait;
				INFOPLIST_KEY_UISupportedInterfaceOrientations_iPad = "UIInterfaceOrientationLandscapeLeft UIInterfaceOrientationLandscapeRight UIInterfaceOrientationPortrait UIInterfaceOrientationPortraitUpsideDown";
				LD_RUNPATH_SEARCH_PATHS = (
					"$(inherited)",
					"@executable_path/Frameworks",
				);
				MARKETING_VERSION = 1.0;
				PRODUCT_BUNDLE_IDENTIFIER = au.com.ranchorelaxo.where2goOz;
				PRODUCT_NAME = "$(TARGET_NAME)";
				SUPPORTED_PLATFORMS = "iphoneos iphonesimulator";
				SUPPORTS_MACCATALYST = NO;
				SUPPORTS_MAC_DESIGNED_FOR_IPHONE_IPAD = NO;
				SWIFT_EMIT_LOC_STRINGS = YES;
				SWIFT_VERSION = 5.0;
				TARGETED_DEVICE_FAMILY = 1;
			};
			name = Release;
		};
/* End XCBuildConfiguration section */

/* Begin XCConfigurationList section */
		0D471F3A2B3AA386000899A0 /* Build configuration list for PBXProject "where2goOz" */ = {
			isa = XCConfigurationList;
			buildConfigurations = (
				0D471F4F2B3AA387000899A0 /* Debug */,
				0D471F502B3AA387000899A0 /* Release */,
			);
			defaultConfigurationIsVisible = 0;
			defaultConfigurationName = Release;
		};
		0D471F512B3AA387000899A0 /* Build configuration list for PBXNativeTarget "where2goOz" */ = {
			isa = XCConfigurationList;
			buildConfigurations = (
				0D471F522B3AA387000899A0 /* Debug */,
				0D471F532B3AA387000899A0 /* Release */,
			);
			defaultConfigurationIsVisible = 0;
			defaultConfigurationName = Release;
		};
/* End XCConfigurationList section */
	};
	rootObject = 0D471F372B3AA386000899A0 /* Project object */;
}
